// !$*UTF8*$!
{
	archiveVersion = 1;
	classes = {
	};
	objectVersion = 50;
	objects = {

/* Begin PBXBuildFile section */
		2E5D6587A44F2832873D1145 /* Pods_tumblrAppTests.framework in Frameworks */ = {isa = PBXBuildFile; fileRef = E1B7CD5375D26AC93E3899B0 /* Pods_tumblrAppTests.framework */; };
		9606B281214A8BFC00430A27 /* AppDelegate.swift in Sources */ = {isa = PBXBuildFile; fileRef = 9606B280214A8BFC00430A27 /* AppDelegate.swift */; };
		9606B286214A8BFC00430A27 /* Main.storyboard in Resources */ = {isa = PBXBuildFile; fileRef = 9606B284214A8BFC00430A27 /* Main.storyboard */; };
		9606B288214A8C0000430A27 /* Assets.xcassets in Resources */ = {isa = PBXBuildFile; fileRef = 9606B287214A8C0000430A27 /* Assets.xcassets */; };
		9606B28B214A8C0000430A27 /* LaunchScreen.storyboard in Resources */ = {isa = PBXBuildFile; fileRef = 9606B289214A8C0000430A27 /* LaunchScreen.storyboard */; };
		9606B296214A8C0100430A27 /* tumblrAppTests.swift in Sources */ = {isa = PBXBuildFile; fileRef = 9606B295214A8C0100430A27 /* tumblrAppTests.swift */; };
		9606B2A1214A8C0100430A27 /* tumblrAppUITests.swift in Sources */ = {isa = PBXBuildFile; fileRef = 9606B2A0214A8C0100430A27 /* tumblrAppUITests.swift */; };
		9606B2AF214A913000430A27 /* PhotosViewController.swift in Sources */ = {isa = PBXBuildFile; fileRef = 9606B2AE214A913000430A27 /* PhotosViewController.swift */; };
		9606B328214B10B200430A27 /* PhotoCell.swift in Sources */ = {isa = PBXBuildFile; fileRef = 9606B327214B10B200430A27 /* PhotoCell.swift */; };
		96C0FDEF2154904D00F8123A /* PhotoDetailsViewController.swift in Sources */ = {isa = PBXBuildFile; fileRef = 96C0FDEE2154904D00F8123A /* PhotoDetailsViewController.swift */; };
		CE7F59FC811A2C87FE260D6C /* Pods_tumblrAppUITests.framework in Frameworks */ = {isa = PBXBuildFile; fileRef = EFB24D89677F598F994AF7C9 /* Pods_tumblrAppUITests.framework */; };
		F30A233F4D5E546E1C744974 /* Pods_tumblrApp.framework in Frameworks */ = {isa = PBXBuildFile; fileRef = 9626867724C8553F14F12FD9 /* Pods_tumblrApp.framework */; };
/* End PBXBuildFile section */

/* Begin PBXContainerItemProxy section */
		9606B292214A8C0100430A27 /* PBXContainerItemProxy */ = {
			isa = PBXContainerItemProxy;
			containerPortal = 9606B275214A8BFC00430A27 /* Project object */;
			proxyType = 1;
			remoteGlobalIDString = 9606B27C214A8BFC00430A27;
			remoteInfo = tumblrApp;
		};
		9606B29D214A8C0100430A27 /* PBXContainerItemProxy */ = {
			isa = PBXContainerItemProxy;
			containerPortal = 9606B275214A8BFC00430A27 /* Project object */;
			proxyType = 1;
			remoteGlobalIDString = 9606B27C214A8BFC00430A27;
			remoteInfo = tumblrApp;
		};
/* End PBXContainerItemProxy section */

/* Begin PBXFileReference section */
		4980FA97DA687618E0A1FF6E /* Pods-tumblrApp.debug.xcconfig */ = {isa = PBXFileReference; includeInIndex = 1; lastKnownFileType = text.xcconfig; name = "Pods-tumblrApp.debug.xcconfig"; path = "Pods/Target Support Files/Pods-tumblrApp/Pods-tumblrApp.debug.xcconfig"; sourceTree = "<group>"; };
		54B79252296E518C7A41DE8B /* Pods-tumblrApp.release.xcconfig */ = {isa = PBXFileReference; includeInIndex = 1; lastKnownFileType = text.xcconfig; name = "Pods-tumblrApp.release.xcconfig"; path = "Pods/Target Support Files/Pods-tumblrApp/Pods-tumblrApp.release.xcconfig"; sourceTree = "<group>"; };
		7C1D6782BF6E782724181036 /* Pods-tumblrAppUITests.debug.xcconfig */ = {isa = PBXFileReference; includeInIndex = 1; lastKnownFileType = text.xcconfig; name = "Pods-tumblrAppUITests.debug.xcconfig"; path = "Pods/Target Support Files/Pods-tumblrAppUITests/Pods-tumblrAppUITests.debug.xcconfig"; sourceTree = "<group>"; };
		9606B27D214A8BFC00430A27 /* tumblrApp.app */ = {isa = PBXFileReference; explicitFileType = wrapper.application; includeInIndex = 0; path = tumblrApp.app; sourceTree = BUILT_PRODUCTS_DIR; };
		9606B280214A8BFC00430A27 /* AppDelegate.swift */ = {isa = PBXFileReference; lastKnownFileType = sourcecode.swift; path = AppDelegate.swift; sourceTree = "<group>"; };
		9606B285214A8BFC00430A27 /* Base */ = {isa = PBXFileReference; lastKnownFileType = file.storyboard; name = Base; path = Base.lproj/Main.storyboard; sourceTree = "<group>"; };
		9606B287214A8C0000430A27 /* Assets.xcassets */ = {isa = PBXFileReference; lastKnownFileType = folder.assetcatalog; path = Assets.xcassets; sourceTree = "<group>"; };
		9606B28A214A8C0000430A27 /* Base */ = {isa = PBXFileReference; lastKnownFileType = file.storyboard; name = Base; path = Base.lproj/LaunchScreen.storyboard; sourceTree = "<group>"; };
		9606B28C214A8C0000430A27 /* Info.plist */ = {isa = PBXFileReference; lastKnownFileType = text.plist.xml; path = Info.plist; sourceTree = "<group>"; };
		9606B291214A8C0100430A27 /* tumblrAppTests.xctest */ = {isa = PBXFileReference; explicitFileType = wrapper.cfbundle; includeInIndex = 0; path = tumblrAppTests.xctest; sourceTree = BUILT_PRODUCTS_DIR; };
		9606B295214A8C0100430A27 /* tumblrAppTests.swift */ = {isa = PBXFileReference; lastKnownFileType = sourcecode.swift; path = tumblrAppTests.swift; sourceTree = "<group>"; };
		9606B297214A8C0100430A27 /* Info.plist */ = {isa = PBXFileReference; lastKnownFileType = text.plist.xml; path = Info.plist; sourceTree = "<group>"; };
		9606B29C214A8C0100430A27 /* tumblrAppUITests.xctest */ = {isa = PBXFileReference; explicitFileType = wrapper.cfbundle; includeInIndex = 0; path = tumblrAppUITests.xctest; sourceTree = BUILT_PRODUCTS_DIR; };
		9606B2A0214A8C0100430A27 /* tumblrAppUITests.swift */ = {isa = PBXFileReference; lastKnownFileType = sourcecode.swift; path = tumblrAppUITests.swift; sourceTree = "<group>"; };
		9606B2A2214A8C0100430A27 /* Info.plist */ = {isa = PBXFileReference; lastKnownFileType = text.plist.xml; path = Info.plist; sourceTree = "<group>"; };
		9606B2AE214A913000430A27 /* PhotosViewController.swift */ = {isa = PBXFileReference; lastKnownFileType = sourcecode.swift; path = PhotosViewController.swift; sourceTree = "<group>"; };
		9606B327214B10B200430A27 /* PhotoCell.swift */ = {isa = PBXFileReference; lastKnownFileType = sourcecode.swift; path = PhotoCell.swift; sourceTree = "<group>"; };
		9626867724C8553F14F12FD9 /* Pods_tumblrApp.framework */ = {isa = PBXFileReference; explicitFileType = wrapper.framework; includeInIndex = 0; path = Pods_tumblrApp.framework; sourceTree = BUILT_PRODUCTS_DIR; };
		96C0FDEE2154904D00F8123A /* PhotoDetailsViewController.swift */ = {isa = PBXFileReference; lastKnownFileType = sourcecode.swift; path = PhotoDetailsViewController.swift; sourceTree = "<group>"; };
		9B6D3F8FFE314819C7728057 /* Pods-tumblrAppTests.release.xcconfig */ = {isa = PBXFileReference; includeInIndex = 1; lastKnownFileType = text.xcconfig; name = "Pods-tumblrAppTests.release.xcconfig"; path = "Pods/Target Support Files/Pods-tumblrAppTests/Pods-tumblrAppTests.release.xcconfig"; sourceTree = "<group>"; };
		A463FF4058FC6AC54501B2F4 /* Pods-tumblrAppTests.debug.xcconfig */ = {isa = PBXFileReference; includeInIndex = 1; lastKnownFileType = text.xcconfig; name = "Pods-tumblrAppTests.debug.xcconfig"; path = "Pods/Target Support Files/Pods-tumblrAppTests/Pods-tumblrAppTests.debug.xcconfig"; sourceTree = "<group>"; };
		BE0E9E43EA9906E1A73E958D /* Pods-tumblrAppUITests.release.xcconfig */ = {isa = PBXFileReference; includeInIndex = 1; lastKnownFileType = text.xcconfig; name = "Pods-tumblrAppUITests.release.xcconfig"; path = "Pods/Target Support Files/Pods-tumblrAppUITests/Pods-tumblrAppUITests.release.xcconfig"; sourceTree = "<group>"; };
		E1B7CD5375D26AC93E3899B0 /* Pods_tumblrAppTests.framework */ = {isa = PBXFileReference; explicitFileType = wrapper.framework; includeInIndex = 0; path = Pods_tumblrAppTests.framework; sourceTree = BUILT_PRODUCTS_DIR; };
		EFB24D89677F598F994AF7C9 /* Pods_tumblrAppUITests.framework */ = {isa = PBXFileReference; explicitFileType = wrapper.framework; includeInIndex = 0; path = Pods_tumblrAppUITests.framework; sourceTree = BUILT_PRODUCTS_DIR; };
/* End PBXFileReference section */

/* Begin PBXFrameworksBuildPhase section */
		9606B27A214A8BFC00430A27 /* Frameworks */ = {
			isa = PBXFrameworksBuildPhase;
			buildActionMask = 2147483647;
			files = (
				F30A233F4D5E546E1C744974 /* Pods_tumblrApp.framework in Frameworks */,
			);
			runOnlyForDeploymentPostprocessing = 0;
		};
		9606B28E214A8C0100430A27 /* Frameworks */ = {
			isa = PBXFrameworksBuildPhase;
			buildActionMask = 2147483647;
			files = (
				2E5D6587A44F2832873D1145 /* Pods_tumblrAppTests.framework in Frameworks */,
			);
			runOnlyForDeploymentPostprocessing = 0;
		};
		9606B299214A8C0100430A27 /* Frameworks */ = {
			isa = PBXFrameworksBuildPhase;
			buildActionMask = 2147483647;
			files = (
				CE7F59FC811A2C87FE260D6C /* Pods_tumblrAppUITests.framework in Frameworks */,
			);
			runOnlyForDeploymentPostprocessing = 0;
		};
/* End PBXFrameworksBuildPhase section */

/* Begin PBXGroup section */
		82F4B65EFBA7A4F34A04BAF6 /* Frameworks */ = {
			isa = PBXGroup;
			children = (
				9626867724C8553F14F12FD9 /* Pods_tumblrApp.framework */,
				E1B7CD5375D26AC93E3899B0 /* Pods_tumblrAppTests.framework */,
				EFB24D89677F598F994AF7C9 /* Pods_tumblrAppUITests.framework */,
			);
			name = Frameworks;
			sourceTree = "<group>";
		};
		9606B274214A8BFC00430A27 = {
			isa = PBXGroup;
			children = (
				9606B27F214A8BFC00430A27 /* tumblrApp */,
				9606B294214A8C0100430A27 /* tumblrAppTests */,
				9606B29F214A8C0100430A27 /* tumblrAppUITests */,
				9606B27E214A8BFC00430A27 /* Products */,
				D330E4886CDFF99402A6432F /* Pods */,
				82F4B65EFBA7A4F34A04BAF6 /* Frameworks */,
			);
			sourceTree = "<group>";
		};
		9606B27E214A8BFC00430A27 /* Products */ = {
			isa = PBXGroup;
			children = (
				9606B27D214A8BFC00430A27 /* tumblrApp.app */,
				9606B291214A8C0100430A27 /* tumblrAppTests.xctest */,
				9606B29C214A8C0100430A27 /* tumblrAppUITests.xctest */,
			);
			name = Products;
			sourceTree = "<group>";
		};
		9606B27F214A8BFC00430A27 /* tumblrApp */ = {
			isa = PBXGroup;
			children = (
				9606B2B0214A916900430A27 /* View Controllers */,
				9606B280214A8BFC00430A27 /* AppDelegate.swift */,
				9606B284214A8BFC00430A27 /* Main.storyboard */,
				9606B327214B10B200430A27 /* PhotoCell.swift */,
				9606B287214A8C0000430A27 /* Assets.xcassets */,
				9606B289214A8C0000430A27 /* LaunchScreen.storyboard */,
				9606B28C214A8C0000430A27 /* Info.plist */,
			);
			path = tumblrApp;
			sourceTree = "<group>";
		};
		9606B294214A8C0100430A27 /* tumblrAppTests */ = {
			isa = PBXGroup;
			children = (
				9606B295214A8C0100430A27 /* tumblrAppTests.swift */,
				9606B297214A8C0100430A27 /* Info.plist */,
			);
			path = tumblrAppTests;
			sourceTree = "<group>";
		};
		9606B29F214A8C0100430A27 /* tumblrAppUITests */ = {
			isa = PBXGroup;
			children = (
				9606B2A0214A8C0100430A27 /* tumblrAppUITests.swift */,
				9606B2A2214A8C0100430A27 /* Info.plist */,
			);
			path = tumblrAppUITests;
			sourceTree = "<group>";
		};
		9606B2B0214A916900430A27 /* View Controllers */ = {
			isa = PBXGroup;
			children = (
				9606B2AE214A913000430A27 /* PhotosViewController.swift */,
				96C0FDEE2154904D00F8123A /* PhotoDetailsViewController.swift */,
			);
			path = "View Controllers";
			sourceTree = "<group>";
		};
		D330E4886CDFF99402A6432F /* Pods */ = {
			isa = PBXGroup;
			children = (
				4980FA97DA687618E0A1FF6E /* Pods-tumblrApp.debug.xcconfig */,
				54B79252296E518C7A41DE8B /* Pods-tumblrApp.release.xcconfig */,
				A463FF4058FC6AC54501B2F4 /* Pods-tumblrAppTests.debug.xcconfig */,
				9B6D3F8FFE314819C7728057 /* Pods-tumblrAppTests.release.xcconfig */,
				7C1D6782BF6E782724181036 /* Pods-tumblrAppUITests.debug.xcconfig */,
				BE0E9E43EA9906E1A73E958D /* Pods-tumblrAppUITests.release.xcconfig */,
			);
			name = Pods;
			sourceTree = "<group>";
		};
/* End PBXGroup section */

/* Begin PBXNativeTarget section */
		9606B27C214A8BFC00430A27 /* tumblrApp */ = {
			isa = PBXNativeTarget;
			buildConfigurationList = 9606B2A5214A8C0100430A27 /* Build configuration list for PBXNativeTarget "tumblrApp" */;
			buildPhases = (
				A6AAB1CB3E2A3150A5525606 /* [CP] Check Pods Manifest.lock */,
				9606B279214A8BFC00430A27 /* Sources */,
				9606B27A214A8BFC00430A27 /* Frameworks */,
				9606B27B214A8BFC00430A27 /* Resources */,
				DC3EFB5535BAD5589CD4AE73 /* [CP] Embed Pods Frameworks */,
			);
			buildRules = (
			);
			dependencies = (
			);
			name = tumblrApp;
			productName = tumblrApp;
			productReference = 9606B27D214A8BFC00430A27 /* tumblrApp.app */;
			productType = "com.apple.product-type.application";
		};
		9606B290214A8C0100430A27 /* tumblrAppTests */ = {
			isa = PBXNativeTarget;
			buildConfigurationList = 9606B2A8214A8C0100430A27 /* Build configuration list for PBXNativeTarget "tumblrAppTests" */;
			buildPhases = (
				9A8AE450109DBA68E53AC38A /* [CP] Check Pods Manifest.lock */,
				9606B28D214A8C0100430A27 /* Sources */,
				9606B28E214A8C0100430A27 /* Frameworks */,
				9606B28F214A8C0100430A27 /* Resources */,
			);
			buildRules = (
			);
			dependencies = (
				9606B293214A8C0100430A27 /* PBXTargetDependency */,
			);
			name = tumblrAppTests;
			productName = tumblrAppTests;
			productReference = 9606B291214A8C0100430A27 /* tumblrAppTests.xctest */;
			productType = "com.apple.product-type.bundle.unit-test";
		};
		9606B29B214A8C0100430A27 /* tumblrAppUITests */ = {
			isa = PBXNativeTarget;
			buildConfigurationList = 9606B2AB214A8C0100430A27 /* Build configuration list for PBXNativeTarget "tumblrAppUITests" */;
			buildPhases = (
				0492F366DCA0E07197C78112 /* [CP] Check Pods Manifest.lock */,
				9606B298214A8C0100430A27 /* Sources */,
				9606B299214A8C0100430A27 /* Frameworks */,
				9606B29A214A8C0100430A27 /* Resources */,
			);
			buildRules = (
			);
			dependencies = (
				9606B29E214A8C0100430A27 /* PBXTargetDependency */,
			);
			name = tumblrAppUITests;
			productName = tumblrAppUITests;
			productReference = 9606B29C214A8C0100430A27 /* tumblrAppUITests.xctest */;
			productType = "com.apple.product-type.bundle.ui-testing";
		};
/* End PBXNativeTarget section */

/* Begin PBXProject section */
		9606B275214A8BFC00430A27 /* Project object */ = {
			isa = PBXProject;
			attributes = {
				LastSwiftUpdateCheck = 0940;
				LastUpgradeCheck = 0940;
				ORGANIZATIONNAME = "Isaac Samuel";
				TargetAttributes = {
					9606B27C214A8BFC00430A27 = {
						CreatedOnToolsVersion = 9.4.1;
					};
					9606B290214A8C0100430A27 = {
						CreatedOnToolsVersion = 9.4.1;
						TestTargetID = 9606B27C214A8BFC00430A27;
					};
					9606B29B214A8C0100430A27 = {
						CreatedOnToolsVersion = 9.4.1;
						TestTargetID = 9606B27C214A8BFC00430A27;
					};
				};
			};
			buildConfigurationList = 9606B278214A8BFC00430A27 /* Build configuration list for PBXProject "tumblrApp" */;
			compatibilityVersion = "Xcode 9.3";
			developmentRegion = en;
			hasScannedForEncodings = 0;
			knownRegions = (
				en,
				Base,
			);
			mainGroup = 9606B274214A8BFC00430A27;
			productRefGroup = 9606B27E214A8BFC00430A27 /* Products */;
			projectDirPath = "";
			projectRoot = "";
			targets = (
				9606B27C214A8BFC00430A27 /* tumblrApp */,
				9606B290214A8C0100430A27 /* tumblrAppTests */,
				9606B29B214A8C0100430A27 /* tumblrAppUITests */,
			);
		};
/* End PBXProject section */

/* Begin PBXResourcesBuildPhase section */
		9606B27B214A8BFC00430A27 /* Resources */ = {
			isa = PBXResourcesBuildPhase;
			buildActionMask = 2147483647;
			files = (
				9606B28B214A8C0000430A27 /* LaunchScreen.storyboard in Resources */,
				9606B288214A8C0000430A27 /* Assets.xcassets in Resources */,
				9606B286214A8BFC00430A27 /* Main.storyboard in Resources */,
			);
			runOnlyForDeploymentPostprocessing = 0;
		};
		9606B28F214A8C0100430A27 /* Resources */ = {
			isa = PBXResourcesBuildPhase;
			buildActionMask = 2147483647;
			files = (
			);
			runOnlyForDeploymentPostprocessing = 0;
		};
		9606B29A214A8C0100430A27 /* Resources */ = {
			isa = PBXResourcesBuildPhase;
			buildActionMask = 2147483647;
			files = (
			);
			runOnlyForDeploymentPostprocessing = 0;
		};
/* End PBXResourcesBuildPhase section */

/* Begin PBXShellScriptBuildPhase section */
		0492F366DCA0E07197C78112 /* [CP] Check Pods Manifest.lock */ = {
			isa = PBXShellScriptBuildPhase;
			buildActionMask = 2147483647;
			files = (
			);
			inputPaths = (
				"${PODS_PODFILE_DIR_PATH}/Podfile.lock",
				"${PODS_ROOT}/Manifest.lock",
			);
			name = "[CP] Check Pods Manifest.lock";
			outputPaths = (
				"$(DERIVED_FILE_DIR)/Pods-tumblrAppUITests-checkManifestLockResult.txt",
			);
			runOnlyForDeploymentPostprocessing = 0;
			shellPath = /bin/sh;
			shellScript = "diff \"${PODS_PODFILE_DIR_PATH}/Podfile.lock\" \"${PODS_ROOT}/Manifest.lock\" > /dev/null\nif [ $? != 0 ] ; then\n    # print error to STDERR\n    echo \"error: The sandbox is not in sync with the Podfile.lock. Run 'pod install' or update your CocoaPods installation.\" >&2\n    exit 1\nfi\n# This output is used by Xcode 'outputs' to avoid re-running this script phase.\necho \"SUCCESS\" > \"${SCRIPT_OUTPUT_FILE_0}\"\n";
			showEnvVarsInLog = 0;
		};
		9A8AE450109DBA68E53AC38A /* [CP] Check Pods Manifest.lock */ = {
			isa = PBXShellScriptBuildPhase;
			buildActionMask = 2147483647;
			files = (
			);
			inputPaths = (
				"${PODS_PODFILE_DIR_PATH}/Podfile.lock",
				"${PODS_ROOT}/Manifest.lock",
			);
			name = "[CP] Check Pods Manifest.lock";
			outputPaths = (
				"$(DERIVED_FILE_DIR)/Pods-tumblrAppTests-checkManifestLockResult.txt",
			);
			runOnlyForDeploymentPostprocessing = 0;
			shellPath = /bin/sh;
			shellScript = "diff \"${PODS_PODFILE_DIR_PATH}/Podfile.lock\" \"${PODS_ROOT}/Manifest.lock\" > /dev/null\nif [ $? != 0 ] ; then\n    # print error to STDERR\n    echo \"error: The sandbox is not in sync with the Podfile.lock. Run 'pod install' or update your CocoaPods installation.\" >&2\n    exit 1\nfi\n# This output is used by Xcode 'outputs' to avoid re-running this script phase.\necho \"SUCCESS\" > \"${SCRIPT_OUTPUT_FILE_0}\"\n";
			showEnvVarsInLog = 0;
		};
		A6AAB1CB3E2A3150A5525606 /* [CP] Check Pods Manifest.lock */ = {
			isa = PBXShellScriptBuildPhase;
			buildActionMask = 2147483647;
			files = (
			);
			inputPaths = (
				"${PODS_PODFILE_DIR_PATH}/Podfile.lock",
				"${PODS_ROOT}/Manifest.lock",
			);
			name = "[CP] Check Pods Manifest.lock";
			outputPaths = (
				"$(DERIVED_FILE_DIR)/Pods-tumblrApp-checkManifestLockResult.txt",
			);
			runOnlyForDeploymentPostprocessing = 0;
			shellPath = /bin/sh;
			shellScript = "diff \"${PODS_PODFILE_DIR_PATH}/Podfile.lock\" \"${PODS_ROOT}/Manifest.lock\" > /dev/null\nif [ $? != 0 ] ; then\n    # print error to STDERR\n    echo \"error: The sandbox is not in sync with the Podfile.lock. Run 'pod install' or update your CocoaPods installation.\" >&2\n    exit 1\nfi\n# This output is used by Xcode 'outputs' to avoid re-running this script phase.\necho \"SUCCESS\" > \"${SCRIPT_OUTPUT_FILE_0}\"\n";
			showEnvVarsInLog = 0;
		};
		DC3EFB5535BAD5589CD4AE73 /* [CP] Embed Pods Frameworks */ = {
			isa = PBXShellScriptBuildPhase;
			buildActionMask = 2147483647;
			files = (
			);
			inputPaths = (
				"${SRCROOT}/Pods/Target Support Files/Pods-tumblrApp/Pods-tumblrApp-frameworks.sh",
				"${BUILT_PRODUCTS_DIR}/Alamofire/Alamofire.framework",
				"${BUILT_PRODUCTS_DIR}/AlamofireImage/AlamofireImage.framework",
			);
			name = "[CP] Embed Pods Frameworks";
			outputPaths = (
				"${TARGET_BUILD_DIR}/${FRAMEWORKS_FOLDER_PATH}/Alamofire.framework",
				"${TARGET_BUILD_DIR}/${FRAMEWORKS_FOLDER_PATH}/AlamofireImage.framework",
			);
			runOnlyForDeploymentPostprocessing = 0;
			shellPath = /bin/sh;
			shellScript = "\"${SRCROOT}/Pods/Target Support Files/Pods-tumblrApp/Pods-tumblrApp-frameworks.sh\"\n";
			showEnvVarsInLog = 0;
		};
/* End PBXShellScriptBuildPhase section */

/* Begin PBXSourcesBuildPhase section */
		9606B279214A8BFC00430A27 /* Sources */ = {
			isa = PBXSourcesBuildPhase;
			buildActionMask = 2147483647;
			files = (
				96C0FDEF2154904D00F8123A /* PhotoDetailsViewController.swift in Sources */,
				9606B281214A8BFC00430A27 /* AppDelegate.swift in Sources */,
				9606B328214B10B200430A27 /* PhotoCell.swift in Sources */,
				9606B2AF214A913000430A27 /* PhotosViewController.swift in Sources */,
			);
			runOnlyForDeploymentPostprocessing = 0;
		};
		9606B28D214A8C0100430A27 /* Sources */ = {
			isa = PBXSourcesBuildPhase;
			buildActionMask = 2147483647;
			files = (
				9606B296214A8C0100430A27 /* tumblrAppTests.swift in Sources */,
			);
			runOnlyForDeploymentPostprocessing = 0;
		};
		9606B298214A8C0100430A27 /* Sources */ = {
			isa = PBXSourcesBuildPhase;
			buildActionMask = 2147483647;
			files = (
				9606B2A1214A8C0100430A27 /* tumblrAppUITests.swift in Sources */,
			);
			runOnlyForDeploymentPostprocessing = 0;
		};
/* End PBXSourcesBuildPhase section */

/* Begin PBXTargetDependency section */
		9606B293214A8C0100430A27 /* PBXTargetDependency */ = {
			isa = PBXTargetDependency;
			target = 9606B27C214A8BFC00430A27 /* tumblrApp */;
			targetProxy = 9606B292214A8C0100430A27 /* PBXContainerItemProxy */;
		};
		9606B29E214A8C0100430A27 /* PBXTargetDependency */ = {
			isa = PBXTargetDependency;
			target = 9606B27C214A8BFC00430A27 /* tumblrApp */;
			targetProxy = 9606B29D214A8C0100430A27 /* PBXContainerItemProxy */;
		};
/* End PBXTargetDependency section */

/* Begin PBXVariantGroup section */
		9606B284214A8BFC00430A27 /* Main.storyboard */ = {
			isa = PBXVariantGroup;
			children = (
				9606B285214A8BFC00430A27 /* Base */,
			);
			name = Main.storyboard;
			sourceTree = "<group>";
		};
		9606B289214A8C0000430A27 /* LaunchScreen.storyboard */ = {
			isa = PBXVariantGroup;
			children = (
				9606B28A214A8C0000430A27 /* Base */,
			);
			name = LaunchScreen.storyboard;
			sourceTree = "<group>";
		};
/* End PBXVariantGroup section */

/* Begin XCBuildConfiguration section */
		9606B2A3214A8C0100430A27 /* Debug */ = {
			isa = XCBuildConfiguration;
			buildSettings = {
				ALWAYS_SEARCH_USER_PATHS = NO;
				CLANG_ANALYZER_NONNULL = YES;
				CLANG_ANALYZER_NUMBER_OBJECT_CONVERSION = YES_AGGRESSIVE;
				CLANG_CXX_LANGUAGE_STANDARD = "gnu++14";
				CLANG_CXX_LIBRARY = "libc++";
				CLANG_ENABLE_MODULES = YES;
				CLANG_ENABLE_OBJC_ARC = YES;
				CLANG_ENABLE_OBJC_WEAK = YES;
				CLANG_WARN_BLOCK_CAPTURE_AUTORELEASING = YES;
				CLANG_WARN_BOOL_CONVERSION = YES;
				CLANG_WARN_COMMA = YES;
				CLANG_WARN_CONSTANT_CONVERSION = YES;
				CLANG_WARN_DEPRECATED_OBJC_IMPLEMENTATIONS = YES;
				CLANG_WARN_DIRECT_OBJC_ISA_USAGE = YES_ERROR;
				CLANG_WARN_DOCUMENTATION_COMMENTS = YES;
				CLANG_WARN_EMPTY_BODY = YES;
				CLANG_WARN_ENUM_CONVERSION = YES;
				CLANG_WARN_INFINITE_RECURSION = YES;
				CLANG_WARN_INT_CONVERSION = YES;
				CLANG_WARN_NON_LITERAL_NULL_CONVERSION = YES;
				CLANG_WARN_OBJC_IMPLICIT_RETAIN_SELF = YES;
				CLANG_WARN_OBJC_LITERAL_CONVERSION = YES;
				CLANG_WARN_OBJC_ROOT_CLASS = YES_ERROR;
				CLANG_WARN_RANGE_LOOP_ANALYSIS = YES;
				CLANG_WARN_STRICT_PROTOTYPES = YES;
				CLANG_WARN_SUSPICIOUS_MOVE = YES;
				CLANG_WARN_UNGUARDED_AVAILABILITY = YES_AGGRESSIVE;
				CLANG_WARN_UNREACHABLE_CODE = YES;
				CLANG_WARN__DUPLICATE_METHOD_MATCH = YES;
				CODE_SIGN_IDENTITY = "iPhone Developer";
				COPY_PHASE_STRIP = NO;
				DEBUG_INFORMATION_FORMAT = dwarf;
				ENABLE_STRICT_OBJC_MSGSEND = YES;
				ENABLE_TESTABILITY = YES;
				GCC_C_LANGUAGE_STANDARD = gnu11;
				GCC_DYNAMIC_NO_PIC = NO;
				GCC_NO_COMMON_BLOCKS = YES;
				GCC_OPTIMIZATION_LEVEL = 0;
				GCC_PREPROCESSOR_DEFINITIONS = (
					"DEBUG=1",
					"$(inherited)",
				);
				GCC_WARN_64_TO_32_BIT_CONVERSION = YES;
				GCC_WARN_ABOUT_RETURN_TYPE = YES_ERROR;
				GCC_WARN_UNDECLARED_SELECTOR = YES;
				GCC_WARN_UNINITIALIZED_AUTOS = YES_AGGRESSIVE;
				GCC_WARN_UNUSED_FUNCTION = YES;
				GCC_WARN_UNUSED_VARIABLE = YES;
				IPHONEOS_DEPLOYMENT_TARGET = 11.4;
				MTL_ENABLE_DEBUG_INFO = YES;
				ONLY_ACTIVE_ARCH = YES;
				SDKROOT = iphoneos;
				SWIFT_ACTIVE_COMPILATION_CONDITIONS = DEBUG;
				SWIFT_OPTIMIZATION_LEVEL = "-Onone";
			};
			name = Debug;
		};
		9606B2A4214A8C0100430A27 /* Release */ = {
			isa = XCBuildConfiguration;
			buildSettings = {
				ALWAYS_SEARCH_USER_PATHS = NO;
				CLANG_ANALYZER_NONNULL = YES;
				CLANG_ANALYZER_NUMBER_OBJECT_CONVERSION = YES_AGGRESSIVE;
				CLANG_CXX_LANGUAGE_STANDARD = "gnu++14";
				CLANG_CXX_LIBRARY = "libc++";
				CLANG_ENABLE_MODULES = YES;
				CLANG_ENABLE_OBJC_ARC = YES;
				CLANG_ENABLE_OBJC_WEAK = YES;
				CLANG_WARN_BLOCK_CAPTURE_AUTORELEASING = YES;
				CLANG_WARN_BOOL_CONVERSION = YES;
				CLANG_WARN_COMMA = YES;
				CLANG_WARN_CONSTANT_CONVERSION = YES;
				CLANG_WARN_DEPRECATED_OBJC_IMPLEMENTATIONS = YES;
				CLANG_WARN_DIRECT_OBJC_ISA_USAGE = YES_ERROR;
				CLANG_WARN_DOCUMENTATION_COMMENTS = YES;
				CLANG_WARN_EMPTY_BODY = YES;
				CLANG_WARN_ENUM_CONVERSION = YES;
				CLANG_WARN_INFINITE_RECURSION = YES;
				CLANG_WARN_INT_CONVERSION = YES;
				CLANG_WARN_NON_LITERAL_NULL_CONVERSION = YES;
				CLANG_WARN_OBJC_IMPLICIT_RETAIN_SELF = YES;
				CLANG_WARN_OBJC_LITERAL_CONVERSION = YES;
				CLANG_WARN_OBJC_ROOT_CLASS = YES_ERROR;
				CLANG_WARN_RANGE_LOOP_ANALYSIS = YES;
				CLANG_WARN_STRICT_PROTOTYPES = YES;
				CLANG_WARN_SUSPICIOUS_MOVE = YES;
				CLANG_WARN_UNGUARDED_AVAILABILITY = YES_AGGRESSIVE;
				CLANG_WARN_UNREACHABLE_CODE = YES;
				CLANG_WARN__DUPLICATE_METHOD_MATCH = YES;
				CODE_SIGN_IDENTITY = "iPhone Developer";
				COPY_PHASE_STRIP = NO;
				DEBUG_INFORMATION_FORMAT = "dwarf-with-dsym";
				ENABLE_NS_ASSERTIONS = NO;
				ENABLE_STRICT_OBJC_MSGSEND = YES;
				GCC_C_LANGUAGE_STANDARD = gnu11;
				GCC_NO_COMMON_BLOCKS = YES;
				GCC_WARN_64_TO_32_BIT_CONVERSION = YES;
				GCC_WARN_ABOUT_RETURN_TYPE = YES_ERROR;
				GCC_WARN_UNDECLARED_SELECTOR = YES;
				GCC_WARN_UNINITIALIZED_AUTOS = YES_AGGRESSIVE;
				GCC_WARN_UNUSED_FUNCTION = YES;
				GCC_WARN_UNUSED_VARIABLE = YES;
				IPHONEOS_DEPLOYMENT_TARGET = 11.4;
				MTL_ENABLE_DEBUG_INFO = NO;
				SDKROOT = iphoneos;
				SWIFT_COMPILATION_MODE = wholemodule;
				SWIFT_OPTIMIZATION_LEVEL = "-O";
				VALIDATE_PRODUCT = YES;
			};
			name = Release;
		};
		9606B2A6214A8C0100430A27 /* Debug */ = {
			isa = XCBuildConfiguration;
			baseConfigurationReference = 4980FA97DA687618E0A1FF6E /* Pods-tumblrApp.debug.xcconfig */;
			buildSettings = {
				ASSETCATALOG_COMPILER_APPICON_NAME = AppIcon;
				CODE_SIGN_STYLE = Automatic;
				INFOPLIST_FILE = tumblrApp/Info.plist;
				LD_RUNPATH_SEARCH_PATHS = (
					"$(inherited)",
					"@executable_path/Frameworks",
				);
				PRODUCT_BUNDLE_IDENTIFIER = com.codepath.tumblrApp;
				PRODUCT_NAME = "$(TARGET_NAME)";
				SWIFT_VERSION = 4.0;
				TARGETED_DEVICE_FAMILY = "1,2";
			};
			name = Debug;
		};
		9606B2A7214A8C0100430A27 /* Release */ = {
			isa = XCBuildConfiguration;
			baseConfigurationReference = 54B79252296E518C7A41DE8B /* Pods-tumblrApp.release.xcconfig */;
			buildSettings = {
				ASSETCATALOG_COMPILER_APPICON_NAME = AppIcon;
				CODE_SIGN_STYLE = Automatic;
				INFOPLIST_FILE = tumblrApp/Info.plist;
				LD_RUNPATH_SEARCH_PATHS = (
					"$(inherited)",
					"@executable_path/Frameworks",
				);
				PRODUCT_BUNDLE_IDENTIFIER = com.codepath.tumblrApp;
				PRODUCT_NAME = "$(TARGET_NAME)";
				SWIFT_VERSION = 4.0;
				TARGETED_DEVICE_FAMILY = "1,2";
			};
			name = Release;
		};
		9606B2A9214A8C0100430A27 /* Debug */ = {
			isa = XCBuildConfiguration;
			baseConfigurationReference = A463FF4058FC6AC54501B2F4 /* Pods-tumblrAppTests.debug.xcconfig */;
			buildSettings = {
				ALWAYS_EMBED_SWIFT_STANDARD_LIBRARIES = YES;
				BUNDLE_LOADER = "$(TEST_HOST)";
				CODE_SIGN_STYLE = Automatic;
				INFOPLIST_FILE = tumblrAppTests/Info.plist;
				LD_RUNPATH_SEARCH_PATHS = (
					"$(inherited)",
					"@executable_path/Frameworks",
					"@loader_path/Frameworks",
				);
				PRODUCT_BUNDLE_IDENTIFIER = com.codepath.tumblrAppTests;
				PRODUCT_NAME = "$(TARGET_NAME)";
				SWIFT_VERSION = 4.0;
				TARGETED_DEVICE_FAMILY = "1,2";
				TEST_HOST = "$(BUILT_PRODUCTS_DIR)/tumblrApp.app/tumblrApp";
			};
			name = Debug;
		};
		9606B2AA214A8C0100430A27 /* Release */ = {
			isa = XCBuildConfiguration;
			baseConfigurationReference = 9B6D3F8FFE314819C7728057 /* Pods-tumblrAppTests.release.xcconfig */;
			buildSettings = {
				ALWAYS_EMBED_SWIFT_STANDARD_LIBRARIES = YES;
				BUNDLE_LOADER = "$(TEST_HOST)";
				CODE_SIGN_STYLE = Automatic;
				INFOPLIST_FILE = tumblrAppTests/Info.plist;
				LD_RUNPATH_SEARCH_PATHS = (
					"$(inherited)",
					"@executable_path/Frameworks",
					"@loader_path/Frameworks",
				);
				PRODUCT_BUNDLE_IDENTIFIER = com.codepath.tumblrAppTests;
				PRODUCT_NAME = "$(TARGET_NAME)";
				SWIFT_VERSION = 4.0;
				TARGETED_DEVICE_FAMILY = "1,2";
				TEST_HOST = "$(BUILT_PRODUCTS_DIR)/tumblrApp.app/tumblrApp";
			};
			name = Release;
		};
		9606B2AC214A8C0100430A27 /* Debug */ = {
			isa = XCBuildConfiguration;
			baseConfigurationReference = 7C1D6782BF6E782724181036 /* Pods-tumblrAppUITests.debug.xcconfig */;
			buildSettings = {
				ALWAYS_EMBED_SWIFT_STANDARD_LIBRARIES = YES;
				CODE_SIGN_STYLE = Automatic;
				INFOPLIST_FILE = tumblrAppUITests/Info.plist;
				LD_RUNPATH_SEARCH_PATHS = (
					"$(inherited)",
					"@executable_path/Frameworks",
					"@loader_path/Frameworks",
				);
				PRODUCT_BUNDLE_IDENTIFIER = com.codepath.tumblrAppUITests;
				PRODUCT_NAME = "$(TARGET_NAME)";
				SWIFT_VERSION = 4.0;
				TARGETED_DEVICE_FAMILY = "1,2";
				TEST_TARGET_NAME = tumblrApp;
			};
			name = Debug;
		};
		9606B2AD214A8C0100430A27 /* Release */ = {
			isa = XCBuildConfiguration;
			baseConfigurationReference = BE0E9E43EA9906E1A73E958D /* Pods-tumblrAppUITests.release.xcconfig */;
			buildSettings = {
				ALWAYS_EMBED_SWIFT_STANDARD_LIBRARIES = YES;
				CODE_SIGN_STYLE = Automatic;
				INFOPLIST_FILE = tumblrAppUITests/Info.plist;
				LD_RUNPATH_SEARCH_PATHS = (
					"$(inherited)",
					"@executable_path/Frameworks",
					"@loader_path/Frameworks",
				);
				PRODUCT_BUNDLE_IDENTIFIER = com.codepath.tumblrAppUITests;
				PRODUCT_NAME = "$(TARGET_NAME)";
				SWIFT_VERSION = 4.0;
				TARGETED_DEVICE_FAMILY = "1,2";
				TEST_TARGET_NAME = tumblrApp;
			};
			name = Release;
		};
/* End XCBuildConfiguration section */

/* Begin XCConfigurationList section */
		9606B278214A8BFC00430A27 /* Build configuration list for PBXProject "tumblrApp" */ = {
			isa = XCConfigurationList;
			buildConfigurations = (
				9606B2A3214A8C0100430A27 /* Debug */,
				9606B2A4214A8C0100430A27 /* Release */,
			);
			defaultConfigurationIsVisible = 0;
			defaultConfigurationName = Release;
		};
		9606B2A5214A8C0100430A27 /* Build configuration list for PBXNativeTarget "tumblrApp" */ = {
			isa = XCConfigurationList;
			buildConfigurations = (
				9606B2A6214A8C0100430A27 /* Debug */,
				9606B2A7214A8C0100430A27 /* Release */,
			);
			defaultConfigurationIsVisible = 0;
			defaultConfigurationName = Release;
		};
		9606B2A8214A8C0100430A27 /* Build configuration list for PBXNativeTarget "tumblrAppTests" */ = {
			isa = XCConfigurationList;
			buildConfigurations = (
				9606B2A9214A8C0100430A27 /* Debug */,
				9606B2AA214A8C0100430A27 /* Release */,
			);
			defaultConfigurationIsVisible = 0;
			defaultConfigurationName = Release;
		};
		9606B2AB214A8C0100430A27 /* Build configuration list for PBXNativeTarget "tumblrAppUITests" */ = {
			isa = XCConfigurationList;
			buildConfigurations = (
				9606B2AC214A8C0100430A27 /* Debug */,
				9606B2AD214A8C0100430A27 /* Release */,
			);
			defaultConfigurationIsVisible = 0;
			defaultConfigurationName = Release;
		};
/* End XCConfigurationList section */
	};
	rootObject = 9606B275214A8BFC00430A27 /* Project object */;
}
